// !$*UTF8*$!
{
	archiveVersion = 1;
	classes = {
	};
	objectVersion = 50;
	objects = {

/* Begin PBXBuildFile section */
		F12F4DAB24C914B000731834 /* AppDelegate.swift in Sources */ = {isa = PBXBuildFile; fileRef = F12F4DAA24C914B000731834 /* AppDelegate.swift */; };
		F12F4DAD24C914B000731834 /* ViewController.swift in Sources */ = {isa = PBXBuildFile; fileRef = F12F4DAC24C914B000731834 /* ViewController.swift */; };
		F12F4DB024C914B000731834 /* Main.storyboard in Resources */ = {isa = PBXBuildFile; fileRef = F12F4DAE24C914B000731834 /* Main.storyboard */; };
		F12F4DB224C914B100731834 /* Assets.xcassets in Resources */ = {isa = PBXBuildFile; fileRef = F12F4DB124C914B100731834 /* Assets.xcassets */; };
		F12F4DB524C914B100731834 /* LaunchScreen.storyboard in Resources */ = {isa = PBXBuildFile; fileRef = F12F4DB324C914B100731834 /* LaunchScreen.storyboard */; };
		F1D55B8A24CA64B800F81C7C /* gasolina-logo-120x120.png in Resources */ = {isa = PBXBuildFile; fileRef = F1D55B8924CA64B800F81C7C /* gasolina-logo-120x120.png */; };
/* End PBXBuildFile section */

/* Begin PBXFileReference section */
		F12F4DA724C914AF00731834 /* GasolineOrAlcohol.app */ = {isa = PBXFileReference; explicitFileType = wrapper.application; includeInIndex = 0; path = GasolineOrAlcohol.app; sourceTree = BUILT_PRODUCTS_DIR; };
		F12F4DAA24C914B000731834 /* AppDelegate.swift */ = {isa = PBXFileReference; lastKnownFileType = sourcecode.swift; path = AppDelegate.swift; sourceTree = "<group>"; };
		F12F4DAC24C914B000731834 /* ViewController.swift */ = {isa = PBXFileReference; lastKnownFileType = sourcecode.swift; path = ViewController.swift; sourceTree = "<group>"; };
		F12F4DAF24C914B000731834 /* Base */ = {isa = PBXFileReference; lastKnownFileType = file.storyboard; name = Base; path = Base.lproj/Main.storyboard; sourceTree = "<group>"; };
		F12F4DB124C914B100731834 /* Assets.xcassets */ = {isa = PBXFileReference; lastKnownFileType = folder.assetcatalog; path = Assets.xcassets; sourceTree = "<group>"; };
		F12F4DB424C914B100731834 /* Base */ = {isa = PBXFileReference; lastKnownFileType = file.storyboard; name = Base; path = Base.lproj/LaunchScreen.storyboard; sourceTree = "<group>"; };
		F12F4DB624C914B100731834 /* Info.plist */ = {isa = PBXFileReference; lastKnownFileType = text.plist.xml; path = Info.plist; sourceTree = "<group>"; };
		F1D55B8924CA64B800F81C7C /* gasolina-logo-120x120.png */ = {isa = PBXFileReference; lastKnownFileType = image.png; path = "gasolina-logo-120x120.png"; sourceTree = "<group>"; };
/* End PBXFileReference section */

/* Begin PBXFrameworksBuildPhase section */
		F12F4DA424C914AF00731834 /* Frameworks */ = {
			isa = PBXFrameworksBuildPhase;
			buildActionMask = 2147483647;
			files = (
			);
			runOnlyForDeploymentPostprocessing = 0;
		};
/* End PBXFrameworksBuildPhase section */

/* Begin PBXGroup section */
		F12F4D9E24C914AF00731834 = {
			isa = PBXGroup;
			children = (
				F12F4DA924C914AF00731834 /* GasolineOrAlcohol */,
				F12F4DA824C914AF00731834 /* Products */,
			);
			sourceTree = "<group>";
		};
		F12F4DA824C914AF00731834 /* Products */ = {
			isa = PBXGroup;
			children = (
				F12F4DA724C914AF00731834 /* GasolineOrAlcohol.app */,
			);
			name = Products;
			sourceTree = "<group>";
		};
		F12F4DA924C914AF00731834 /* GasolineOrAlcohol */ = {
			isa = PBXGroup;
			children = (
				F12F4DAA24C914B000731834 /* AppDelegate.swift */,
				F12F4DAC24C914B000731834 /* ViewController.swift */,
				F12F4DAE24C914B000731834 /* Main.storyboard */,
				F1D55B8924CA64B800F81C7C /* gasolina-logo-120x120.png */,
				F12F4DB124C914B100731834 /* Assets.xcassets */,
				F12F4DB324C914B100731834 /* LaunchScreen.storyboard */,
				F12F4DB624C914B100731834 /* Info.plist */,
			);
			path = GasolineOrAlcohol;
			sourceTree = "<group>";
		};
/* End PBXGroup section */

/* Begin PBXNativeTarget section */
		F12F4DA624C914AF00731834 /* GasolineOrAlcohol */ = {
			isa = PBXNativeTarget;
			buildConfigurationList = F12F4DB924C914B100731834 /* Build configuration list for PBXNativeTarget "GasolineOrAlcohol" */;
			buildPhases = (
				F12F4DA324C914AF00731834 /* Sources */,
				F12F4DA424C914AF00731834 /* Frameworks */,
				F12F4DA524C914AF00731834 /* Resources */,
			);
			buildRules = (
			);
			dependencies = (
			);
			name = GasolineOrAlcohol;
			productName = GasolineOrAlcohol;
			productReference = F12F4DA724C914AF00731834 /* GasolineOrAlcohol.app */;
			productType = "com.apple.product-type.application";
		};
/* End PBXNativeTarget section */

/* Begin PBXProject section */
		F12F4D9F24C914AF00731834 /* Project object */ = {
			isa = PBXProject;
			attributes = {
				LastSwiftUpdateCheck = 1030;
				LastUpgradeCheck = 1030;
				ORGANIZATIONNAME = "Rhian Lopes da Costa";
				TargetAttributes = {
					F12F4DA624C914AF00731834 = {
						CreatedOnToolsVersion = 10.3;
					};
				};
			};
			buildConfigurationList = F12F4DA224C914AF00731834 /* Build configuration list for PBXProject "GasolineOrAlcohol" */;
			compatibilityVersion = "Xcode 9.3";
			developmentRegion = en;
			hasScannedForEncodings = 0;
			knownRegions = (
				en,
				Base,
			);
			mainGroup = F12F4D9E24C914AF00731834;
			productRefGroup = F12F4DA824C914AF00731834 /* Products */;
			projectDirPath = "";
			projectRoot = "";
			targets = (
				F12F4DA624C914AF00731834 /* GasolineOrAlcohol */,
			);
		};
/* End PBXProject section */

/* Begin PBXResourcesBuildPhase section */
		F12F4DA524C914AF00731834 /* Resources */ = {
			isa = PBXResourcesBuildPhase;
			buildActionMask = 2147483647;
			files = (
				F1D55B8A24CA64B800F81C7C /* gasolina-logo-120x120.png in Resources */,
				F12F4DB524C914B100731834 /* LaunchScreen.storyboard in Resources */,
				F12F4DB224C914B100731834 /* Assets.xcassets in Resources */,
				F12F4DB024C914B000731834 /* Main.storyboard in Resources */,
			);
			runOnlyForDeploymentPostprocessing = 0;
		};
/* End PBXResourcesBuildPhase section */

/* Begin PBXSourcesBuildPhase section */
		F12F4DA324C914AF00731834 /* Sources */ = {
			isa = PBXSourcesBuildPhase;
			buildActionMask = 2147483647;
			files = (
				F12F4DAD24C914B000731834 /* ViewController.swift in Sources */,
				F12F4DAB24C914B000731834 /* AppDelegate.swift in Sources */,
			);
			runOnlyForDeploymentPostprocessing = 0;
		};
/* End PBXSourcesBuildPhase section */

/* Begin PBXVariantGroup section */
		F12F4DAE24C914B000731834 /* Main.storyboard */ = {
			isa = PBXVariantGroup;
			children = (
				F12F4DAF24C914B000731834 /* Base */,
			);
			name = Main.storyboard;
			sourceTree = "<group>";
		};
		F12F4DB324C914B100731834 /* LaunchScreen.storyboard */ = {
			isa = PBXVariantGroup;
			children = (
				F12F4DB424C914B100731834 /* Base */,
			);
			name = LaunchScreen.storyboard;
			sourceTree = "<group>";
		};
/* End PBXVariantGroup section */

/* Begin XCBuildConfiguration section */
		F12F4DB724C914B100731834 /* Debug */ = {
			isa = XCBuildConfiguration;
			buildSettings = {
				ALWAYS_SEARCH_USER_PATHS = NO;
				CLANG_ANALYZER_NONNULL = YES;
				CLANG_ANALYZER_NUMBER_OBJECT_CONVERSION = YES_AGGRESSIVE;
				CLANG_CXX_LANGUAGE_STANDARD = "gnu++14";
				CLANG_CXX_LIBRARY = "libc++";
				CLANG_ENABLE_MODULES = YES;
				CLANG_ENABLE_OBJC_ARC = YES;
				CLANG_ENABLE_OBJC_WEAK = YES;
				CLANG_WARN_BLOCK_CAPTURE_AUTORELEASING = YES;
				CLANG_WARN_BOOL_CONVERSION = YES;
				CLANG_WARN_COMMA = YES;
				CLANG_WARN_CONSTANT_CONVERSION = YES;
				CLANG_WARN_DEPRECATED_OBJC_IMPLEMENTATIONS = YES;
				CLANG_WARN_DIRECT_OBJC_ISA_USAGE = YES_ERROR;
				CLANG_WARN_DOCUMENTATION_COMMENTS = YES;
				CLANG_WARN_EMPTY_BODY = YES;
				CLANG_WARN_ENUM_CONVERSION = YES;
				CLANG_WARN_INFINITE_RECURSION = YES;
				CLANG_WARN_INT_CONVERSION = YES;
				CLANG_WARN_NON_LITERAL_NULL_CONVERSION = YES;
				CLANG_WARN_OBJC_IMPLICIT_RETAIN_SELF = YES;
				CLANG_WARN_OBJC_LITERAL_CONVERSION = YES;
				CLANG_WARN_OBJC_ROOT_CLASS = YES_ERROR;
				CLANG_WARN_RANGE_LOOP_ANALYSIS = YES;
				CLANG_WARN_STRICT_PROTOTYPES = YES;
				CLANG_WARN_SUSPICIOUS_MOVE = YES;
				CLANG_WARN_UNGUARDED_AVAILABILITY = YES_AGGRESSIVE;
				CLANG_WARN_UNREACHABLE_CODE = YES;
				CLANG_WARN__DUPLICATE_METHOD_MATCH = YES;
				CODE_SIGN_IDENTITY = "iPhone Developer";
				COPY_PHASE_STRIP = NO;
				DEBUG_INFORMATION_FORMAT = dwarf;
				ENABLE_STRICT_OBJC_MSGSEND = YES;
				ENABLE_TESTABILITY = YES;
				GCC_C_LANGUAGE_STANDARD = gnu11;
				GCC_DYNAMIC_NO_PIC = NO;
				GCC_NO_COMMON_BLOCKS = YES;
				GCC_OPTIMIZATION_LEVEL = 0;
				GCC_PREPROCESSOR_DEFINITIONS = (
					"DEBUG=1",
					"$(inherited)",
				);
				GCC_WARN_64_TO_32_BIT_CONVERSION = YES;
				GCC_WARN_ABOUT_RETURN_TYPE = YES_ERROR;
				GCC_WARN_UNDECLARED_SELECTOR = YES;
				GCC_WARN_UNINITIALIZED_AUTOS = YES_AGGRESSIVE;
				GCC_WARN_UNUSED_FUNCTION = YES;
				GCC_WARN_UNUSED_VARIABLE = YES;
				IPHONEOS_DEPLOYMENT_TARGET = 12.4;
				MTL_ENABLE_DEBUG_INFO = INCLUDE_SOURCE;
				MTL_FAST_MATH = YES;
				ONLY_ACTIVE_ARCH = YES;
				SDKROOT = iphoneos;
				SWIFT_ACTIVE_COMPILATION_CONDITIONS = DEBUG;
				SWIFT_OPTIMIZATION_LEVEL = "-Onone";
			};
			name = Debug;
		};
		F12F4DB824C914B100731834 /* Release */ = {
			isa = XCBuildConfiguration;
			buildSettings = {
				ALWAYS_SEARCH_USER_PATHS = NO;
				CLANG_ANALYZER_NONNULL = YES;
				CLANG_ANALYZER_NUMBER_OBJECT_CONVERSION = YES_AGGRESSIVE;
				CLANG_CXX_LANGUAGE_STANDARD = "gnu++14";
				CLANG_CXX_LIBRARY = "libc++";
				CLANG_ENABLE_MODULES = YES;
				CLANG_ENABLE_OBJC_ARC = YES;
				CLANG_ENABLE_OBJC_WEAK = YES;
				CLANG_WARN_BLOCK_CAPTURE_AUTORELEASING = YES;
				CLANG_WARN_BOOL_CONVERSION = YES;
				CLANG_WARN_COMMA = YES;
				CLANG_WARN_CONSTANT_CONVERSION = YES;
				CLANG_WARN_DEPRECATED_OBJC_IMPLEMENTATIONS = YES;
				CLANG_WARN_DIRECT_OBJC_ISA_USAGE = YES_ERROR;
				CLANG_WARN_DOCUMENTATION_COMMENTS = YES;
				CLANG_WARN_EMPTY_BODY = YES;
				CLANG_WARN_ENUM_CONVERSION = YES;
				CLANG_WARN_INFINITE_RECURSION = YES;
				CLANG_WARN_INT_CONVERSION = YES;
				CLANG_WARN_NON_LITERAL_NULL_CONVERSION = YES;
				CLANG_WARN_OBJC_IMPLICIT_RETAIN_SELF = YES;
				CLANG_WARN_OBJC_LITERAL_CONVERSION = YES;
				CLANG_WARN_OBJC_ROOT_CLASS = YES_ERROR;
				CLANG_WARN_RANGE_LOOP_ANALYSIS = YES;
				CLANG_WARN_STRICT_PROTOTYPES = YES;
				CLANG_WARN_SUSPICIOUS_MOVE = YES;
				CLANG_WARN_UNGUARDED_AVAILABILITY = YES_AGGRESSIVE;
				CLANG_WARN_UNREACHABLE_CODE = YES;
				CLANG_WARN__DUPLICATE_METHOD_MATCH = YES;
				CODE_SIGN_IDENTITY = "iPhone Developer";
				COPY_PHASE_STRIP = NO;
				DEBUG_INFORMATION_FORMAT = "dwarf-with-dsym";
				ENABLE_NS_ASSERTIONS = NO;
				ENABLE_STRICT_OBJC_MSGSEND = YES;
				GCC_C_LANGUAGE_STANDARD = gnu11;
				GCC_NO_COMMON_BLOCKS = YES;
				GCC_WARN_64_TO_32_BIT_CONVERSION = YES;
				GCC_WARN_ABOUT_RETURN_TYPE = YES_ERROR;
				GCC_WARN_UNDECLARED_SELECTOR = YES;
				GCC_WARN_UNINITIALIZED_AUTOS = YES_AGGRESSIVE;
				GCC_WARN_UNUSED_FUNCTION = YES;
				GCC_WARN_UNUSED_VARIABLE = YES;
				IPHONEOS_DEPLOYMENT_TARGET = 12.4;
				MTL_ENABLE_DEBUG_INFO = NO;
				MTL_FAST_MATH = YES;
				SDKROOT = iphoneos;
				SWIFT_COMPILATION_MODE = wholemodule;
				SWIFT_OPTIMIZATION_LEVEL = "-O";
				VALIDATE_PRODUCT = YES;
			};
			name = Release;
		};
		F12F4DBA24C914B100731834 /* Debug */ = {
			isa = XCBuildConfiguration;
			buildSettings = {
				ASSETCATALOG_COMPILER_APPICON_NAME = AppIcon;
				CODE_SIGN_STYLE = Automatic;
				DEVELOPMENT_TEAM = K9MC58R5UY;
				INFOPLIST_FILE = GasolineOrAlcohol/Info.plist;
				LD_RUNPATH_SEARCH_PATHS = (
					"$(inherited)",
					"@executable_path/Frameworks",
				);
				PRODUCT_BUNDLE_IDENTIFIER = com.cursoios.GasolineOrAlcohol;
				PRODUCT_NAME = "$(TARGET_NAME)";
				SWIFT_VERSION = 5.0;
				TARGETED_DEVICE_FAMILY = "1,2";
			};
			name = Debug;
		};
		F12F4DBB24C914B100731834 /* Release */ = {
			isa = XCBuildConfiguration;
			buildSettings = {
				ASSETCATALOG_COMPILER_APPICON_NAME = AppIcon;
				CODE_SIGN_STYLE = Automatic;
				DEVELOPMENT_TEAM = K9MC58R5UY;
				INFOPLIST_FILE = GasolineOrAlcohol/Info.plist;
				LD_RUNPATH_SEARCH_PATHS = (
					"$(inherited)",
					"@executable_path/Frameworks",
				);
				PRODUCT_BUNDLE_IDENTIFIER = com.cursoios.GasolineOrAlcohol;
				PRODUCT_NAME = "$(TARGET_NAME)";
				SWIFT_VERSION = 5.0;
				TARGETED_DEVICE_FAMILY = "1,2";
			};
			name = Release;
		};
/* End XCBuildConfiguration section */

/* Begin XCConfigurationList section */
		F12F4DA224C914AF00731834 /* Build configuration list for PBXProject "GasolineOrAlcohol" */ = {
			isa = XCConfigurationList;
			buildConfigurations = (
				F12F4DB724C914B100731834 /* Debug */,
				F12F4DB824C914B100731834 /* Release */,
			);
			defaultConfigurationIsVisible = 0;
			defaultConfigurationName = Release;
		};
		F12F4DB924C914B100731834 /* Build configuration list for PBXNativeTarget "GasolineOrAlcohol" */ = {
			isa = XCConfigurationList;
			buildConfigurations = (
				F12F4DBA24C914B100731834 /* Debug */,
				F12F4DBB24C914B100731834 /* Release */,
			);
			defaultConfigurationIsVisible = 0;
			defaultConfigurationName = Release;
		};
/* End XCConfigurationList section */
	};
	rootObject = F12F4D9F24C914AF00731834 /* Project object */;
}
